# This file was autogenerated by Stack.
# You should not edit this file by hand.
# For more information, please see the documentation at:
#   https://docs.haskellstack.org/en/stable/lock_files

packages:
- completed:
    hackage: yapb-0.2.3@sha256:d219b1ff4195682af24ae07b415b119ff164281444f0bcfcac9ed8550c850f40,4744
    pantry-tree:
      sha256: 1e339417bc7a35c381209900cfbb127259c0228048f63f66c85b65f5dbb670d6
      size: 3920
  original:
    hackage: yapb-0.2.3
snapshots:
- completed:
    sha256: ad2884d5d84ed4ea576897103606212da3be693eef30591efe2d8d2965895500
    size: 714105
    url: https://raw.githubusercontent.com/commercialhaskell/stackage-snapshots/master/lts/22/9.yaml
  original:
    url: https://raw.githubusercontent.com/commercialhaskell/stackage-snapshots/master/lts/22/9.yaml
